
Microsoft Visual Studio Solution File, Format Version 12.00
# Visual Studio Version 16
VisualStudioVersion = 16.0.30804.86
MinimumVisualStudioVersion = 10.0.40219.1
Project("{9A19103F-16F7-4668-BE54-9A1E7A4F7556}") = "GustaVagas.Domain", "src\GustaVagas.Domain\GustaVagas.Domain.csproj", "{AF5B3E72-5F90-4B08-83C7-2EDB29C1132A}"
EndProject
Project("{9A19103F-16F7-4668-BE54-9A1E7A4F7556}") = "GustaVagas.Infra", "src\GustaVagas.Infra\GustaVagas.Infra.csproj", "{7E9020F3-7650-4B9D-A237-712C64DA5269}"
EndProject
Project("{9A19103F-16F7-4668-BE54-9A1E7A4F7556}") = "GustaVagas.Service", "src\GustaVagas.Service\GustaVagas.Service.csproj", "{E80F3CF2-DBAB-4E3B-B54D-83286781144F}"
EndProject
Project("{9A19103F-16F7-4668-BE54-9A1E7A4F7556}") = "GustaVagas.Api", "src\GustaVagas.Api\GustaVagas.Api.csproj", "{D64FC3E3-26C0-412B-91BD-C1F85771A6EA}"
EndProject
Project("{FAE04EC0-301F-11D3-BF4B-00C04F79EFBC}") = "GustaVagas.Presentation.WebApplication", "GustaVagas.Presentation.WebApplication\GustaVagas.Presentation.WebApplication.csproj", "{4270AF29-9486-455E-86E9-303183BC8A2B}"
EndProject
Global
	GlobalSection(SolutionConfigurationPlatforms) = preSolution
		Debug|Any CPU = Debug|Any CPU
		Release|Any CPU = Release|Any CPU
	EndGlobalSection
	GlobalSection(ProjectConfigurationPlatforms) = postSolution
		{AF5B3E72-5F90-4B08-83C7-2EDB29C1132A}.Debug|Any CPU.ActiveCfg = Debug|Any CPU
		{AF5B3E72-5F90-4B08-83C7-2EDB29C1132A}.Debug|Any CPU.Build.0 = Debug|Any CPU
		{AF5B3E72-5F90-4B08-83C7-2EDB29C1132A}.Release|Any CPU.ActiveCfg = Release|Any CPU
		{AF5B3E72-5F90-4B08-83C7-2EDB29C1132A}.Release|Any CPU.Build.0 = Release|Any CPU
		{7E9020F3-7650-4B9D-A237-712C64DA5269}.Debug|Any CPU.ActiveCfg = Debug|Any CPU
		{7E9020F3-7650-4B9D-A237-712C64DA5269}.Debug|Any CPU.Build.0 = Debug|Any CPU
		{7E9020F3-7650-4B9D-A237-712C64DA5269}.Release|Any CPU.ActiveCfg = Release|Any CPU
		{7E9020F3-7650-4B9D-A237-712C64DA5269}.Release|Any CPU.Build.0 = Release|Any CPU
		{E80F3CF2-DBAB-4E3B-B54D-83286781144F}.Debug|Any CPU.ActiveCfg = Debug|Any CPU
		{E80F3CF2-DBAB-4E3B-B54D-83286781144F}.Debug|Any CPU.Build.0 = Debug|Any CPU
		{E80F3CF2-DBAB-4E3B-B54D-83286781144F}.Release|Any CPU.ActiveCfg = Release|Any CPU
		{E80F3CF2-DBAB-4E3B-B54D-83286781144F}.Release|Any CPU.Build.0 = Release|Any CPU
		{D64FC3E3-26C0-412B-91BD-C1F85771A6EA}.Debug|Any CPU.ActiveCfg = Debug|Any CPU
		{D64FC3E3-26C0-412B-91BD-C1F85771A6EA}.Debug|Any CPU.Build.0 = Debug|Any CPU
		{D64FC3E3-26C0-412B-91BD-C1F85771A6EA}.Release|Any CPU.ActiveCfg = Release|Any CPU
		{D64FC3E3-26C0-412B-91BD-C1F85771A6EA}.Release|Any CPU.Build.0 = Release|Any CPU
		{4270AF29-9486-455E-86E9-303183BC8A2B}.Debug|Any CPU.ActiveCfg = Debug|Any CPU
		{4270AF29-9486-455E-86E9-303183BC8A2B}.Debug|Any CPU.Build.0 = Debug|Any CPU
		{4270AF29-9486-455E-86E9-303183BC8A2B}.Release|Any CPU.ActiveCfg = Release|Any CPU
		{4270AF29-9486-455E-86E9-303183BC8A2B}.Release|Any CPU.Build.0 = Release|Any CPU
	EndGlobalSection
	GlobalSection(SolutionProperties) = preSolution
		HideSolutionNode = FALSE
	EndGlobalSection
	GlobalSection(ExtensibilityGlobals) = postSolution
		SolutionGuid = {079A90D2-E467-4822-8DD4-C20B15C41512}
	EndGlobalSection
EndGlobal
